
Microsoft Visual Studio Solution File, Format Version 12.00
# Visual Studio Version 17
VisualStudioVersion = 17.9.34622.214
MinimumVisualStudioVersion = 10.0.40219.1
Project("{FAE04EC0-301F-11D3-BF4B-00C04F79EFBC}") = "dotnetApiCallTest", "dotnetApiCallTest\dotnetApiCallTest.csproj", "{DB5DF50D-C57A-475E-AA0C-499DA411B5DE}"
EndProject
Global
	GlobalSection(SolutionConfigurationPlatforms) = preSolution
		Debug|Any CPU = Debug|Any CPU
		Release|Any CPU = Release|Any CPU
	EndGlobalSection
	GlobalSection(ProjectConfigurationPlatforms) = postSolution
		{DB5DF50D-C57A-475E-AA0C-499DA411B5DE}.Debug|Any CPU.ActiveCfg = Debug|Any CPU
		{DB5DF50D-C57A-475E-AA0C-499DA411B5DE}.Debug|Any CPU.Build.0 = Debug|Any CPU
		{DB5DF50D-C57A-475E-AA0C-499DA411B5DE}.Debug|Any CPU.Deploy.0 = Debug|Any CPU
		{DB5DF50D-C57A-475E-AA0C-499DA411B5DE}.Release|Any CPU.ActiveCfg = Release|Any CPU
		{DB5DF50D-C57A-475E-AA0C-499DA411B5DE}.Release|Any CPU.Build.0 = Release|Any CPU
		{DB5DF50D-C57A-475E-AA0C-499DA411B5DE}.Release|Any CPU.Deploy.0 = Release|Any CPU
	EndGlobalSection
	GlobalSection(SolutionProperties) = preSolution
		HideSolutionNode = FALSE
	EndGlobalSection
	GlobalSection(ExtensibilityGlobals) = postSolution
		SolutionGuid = {76697B64-9657-48D2-BD09-25D43FEB9B34}
	EndGlobalSection
EndGlobal
